
Microsoft Visual Studio Solution File, Format Version 12.00
# Visual Studio Version 17
VisualStudioVersion = 17.7.34031.279
MinimumVisualStudioVersion = 10.0.40219.1
Project("{FAE04EC0-301F-11D3-BF4B-00C04F79EFBC}") = "AV2_BibliotecaDB_Final", "AV2_BibliotecaDB_Final\AV2_BibliotecaDB_Final.csproj", "{1CEAAC02-0853-4526-AACD-471A860233DC}"
EndProject
Project("{FAE04EC0-301F-11D3-BF4B-00C04F79EFBC}") = "AV2_Biblioteca_Final.Model", "AV2_Biblioteca_Final.Model\AV2_Biblioteca_Final.Model.csproj", "{2EFCA73E-08A9-43A7-9E86-6029426759A6}"
EndProject
Global
	GlobalSection(SolutionConfigurationPlatforms) = preSolution
		Debug|Any CPU = Debug|Any CPU
		Release|Any CPU = Release|Any CPU
	EndGlobalSection
	GlobalSection(ProjectConfigurationPlatforms) = postSolution
		{1CEAAC02-0853-4526-AACD-471A860233DC}.Debug|Any CPU.ActiveCfg = Debug|Any CPU
		{1CEAAC02-0853-4526-AACD-471A860233DC}.Debug|Any CPU.Build.0 = Debug|Any CPU
		{1CEAAC02-0853-4526-AACD-471A860233DC}.Release|Any CPU.ActiveCfg = Release|Any CPU
		{1CEAAC02-0853-4526-AACD-471A860233DC}.Release|Any CPU.Build.0 = Release|Any CPU
		{2EFCA73E-08A9-43A7-9E86-6029426759A6}.Debug|Any CPU.ActiveCfg = Debug|Any CPU
		{2EFCA73E-08A9-43A7-9E86-6029426759A6}.Debug|Any CPU.Build.0 = Debug|Any CPU
		{2EFCA73E-08A9-43A7-9E86-6029426759A6}.Release|Any CPU.ActiveCfg = Release|Any CPU
		{2EFCA73E-08A9-43A7-9E86-6029426759A6}.Release|Any CPU.Build.0 = Release|Any CPU
	EndGlobalSection
	GlobalSection(SolutionProperties) = preSolution
		HideSolutionNode = FALSE
	EndGlobalSection
	GlobalSection(ExtensibilityGlobals) = postSolution
		SolutionGuid = {3577783D-6844-4B76-9DE1-ABB58D2E6162}
	EndGlobalSection
EndGlobal
